// !$*UTF8*$!
{
	archiveVersion = 1;
	classes = {
	};
	objectVersion = 46;
	objects = {

/* Begin PBXBuildFile section */
		7AD859301BA1696D00EBD42A /* AppDelegate.swift in Sources */ = {isa = PBXBuildFile; fileRef = 7AD8592F1BA1696D00EBD42A /* AppDelegate.swift */; };
		7AD859321BA1696D00EBD42A /* ViewController.swift in Sources */ = {isa = PBXBuildFile; fileRef = 7AD859311BA1696D00EBD42A /* ViewController.swift */; };
		7AD859351BA1696D00EBD42A /* Main.storyboard in Resources */ = {isa = PBXBuildFile; fileRef = 7AD859331BA1696D00EBD42A /* Main.storyboard */; };
		7AD859371BA1696D00EBD42A /* Assets.xcassets in Resources */ = {isa = PBXBuildFile; fileRef = 7AD859361BA1696D00EBD42A /* Assets.xcassets */; };
		7AD8593A1BA1696D00EBD42A /* LaunchScreen.storyboard in Resources */ = {isa = PBXBuildFile; fileRef = 7AD859381BA1696D00EBD42A /* LaunchScreen.storyboard */; };
		7AD859451BA1696D00EBD42A /* iOSGithubTests.swift in Sources */ = {isa = PBXBuildFile; fileRef = 7AD859441BA1696D00EBD42A /* iOSGithubTests.swift */; };
		7AD859501BA1696E00EBD42A /* iOSGithubUITests.swift in Sources */ = {isa = PBXBuildFile; fileRef = 7AD8594F1BA1696E00EBD42A /* iOSGithubUITests.swift */; };
/* End PBXBuildFile section */

/* Begin PBXContainerItemProxy section */
		7AD859411BA1696D00EBD42A /* PBXContainerItemProxy */ = {
			isa = PBXContainerItemProxy;
			containerPortal = 7AD859241BA1696B00EBD42A /* Project object */;
			proxyType = 1;
			remoteGlobalIDString = 7AD8592B1BA1696C00EBD42A;
			remoteInfo = iOSGithub;
		};
		7AD8594C1BA1696E00EBD42A /* PBXContainerItemProxy */ = {
			isa = PBXContainerItemProxy;
			containerPortal = 7AD859241BA1696B00EBD42A /* Project object */;
			proxyType = 1;
			remoteGlobalIDString = 7AD8592B1BA1696C00EBD42A;
			remoteInfo = iOSGithub;
		};
/* End PBXContainerItemProxy section */

/* Begin PBXFileReference section */
		7AD8592C1BA1696D00EBD42A /* iOSGithub.app */ = {isa = PBXFileReference; explicitFileType = wrapper.application; includeInIndex = 0; path = iOSGithub.app; sourceTree = BUILT_PRODUCTS_DIR; };
		7AD8592F1BA1696D00EBD42A /* AppDelegate.swift */ = {isa = PBXFileReference; lastKnownFileType = sourcecode.swift; path = AppDelegate.swift; sourceTree = "<group>"; };
		7AD859311BA1696D00EBD42A /* ViewController.swift */ = {isa = PBXFileReference; lastKnownFileType = sourcecode.swift; path = ViewController.swift; sourceTree = "<group>"; };
		7AD859341BA1696D00EBD42A /* Base */ = {isa = PBXFileReference; lastKnownFileType = file.storyboard; name = Base; path = Base.lproj/Main.storyboard; sourceTree = "<group>"; };
		7AD859361BA1696D00EBD42A /* Assets.xcassets */ = {isa = PBXFileReference; lastKnownFileType = folder.assetcatalog; path = Assets.xcassets; sourceTree = "<group>"; };
		7AD859391BA1696D00EBD42A /* Base */ = {isa = PBXFileReference; lastKnownFileType = file.storyboard; name = Base; path = Base.lproj/LaunchScreen.storyboard; sourceTree = "<group>"; };
		7AD8593B1BA1696D00EBD42A /* Info.plist */ = {isa = PBXFileReference; lastKnownFileType = text.plist.xml; path = Info.plist; sourceTree = "<group>"; };
		7AD859401BA1696D00EBD42A /* iOSGithubTests.xctest */ = {isa = PBXFileReference; explicitFileType = wrapper.cfbundle; includeInIndex = 0; path = iOSGithubTests.xctest; sourceTree = BUILT_PRODUCTS_DIR; };
		7AD859441BA1696D00EBD42A /* iOSGithubTests.swift */ = {isa = PBXFileReference; lastKnownFileType = sourcecode.swift; path = iOSGithubTests.swift; sourceTree = "<group>"; };
		7AD859461BA1696D00EBD42A /* Info.plist */ = {isa = PBXFileReference; lastKnownFileType = text.plist.xml; path = Info.plist; sourceTree = "<group>"; };
		7AD8594B1BA1696E00EBD42A /* iOSGithubUITests.xctest */ = {isa = PBXFileReference; explicitFileType = wrapper.cfbundle; includeInIndex = 0; path = iOSGithubUITests.xctest; sourceTree = BUILT_PRODUCTS_DIR; };
		7AD8594F1BA1696E00EBD42A /* iOSGithubUITests.swift */ = {isa = PBXFileReference; lastKnownFileType = sourcecode.swift; path = iOSGithubUITests.swift; sourceTree = "<group>"; };
		7AD859511BA1696E00EBD42A /* Info.plist */ = {isa = PBXFileReference; lastKnownFileType = text.plist.xml; path = Info.plist; sourceTree = "<group>"; };
/* End PBXFileReference section */

/* Begin PBXFrameworksBuildPhase section */
		7AD859291BA1696C00EBD42A /* Frameworks */ = {
			isa = PBXFrameworksBuildPhase;
			buildActionMask = 2147483647;
			files = (
			);
			runOnlyForDeploymentPostprocessing = 0;
		};
		7AD8593D1BA1696D00EBD42A /* Frameworks */ = {
			isa = PBXFrameworksBuildPhase;
			buildActionMask = 2147483647;
			files = (
			);
			runOnlyForDeploymentPostprocessing = 0;
		};
		7AD859481BA1696E00EBD42A /* Frameworks */ = {
			isa = PBXFrameworksBuildPhase;
			buildActionMask = 2147483647;
			files = (
			);
			runOnlyForDeploymentPostprocessing = 0;
		};
/* End PBXFrameworksBuildPhase section */

/* Begin PBXGroup section */
		7AD859231BA1696B00EBD42A = {
			isa = PBXGroup;
			children = (
				7AD8592E1BA1696D00EBD42A /* iOSGithub */,
				7AD859431BA1696D00EBD42A /* iOSGithubTests */,
				7AD8594E1BA1696E00EBD42A /* iOSGithubUITests */,
				7AD8592D1BA1696D00EBD42A /* Products */,
			);
			sourceTree = "<group>";
		};
		7AD8592D1BA1696D00EBD42A /* Products */ = {
			isa = PBXGroup;
			children = (
				7AD8592C1BA1696D00EBD42A /* iOSGithub.app */,
				7AD859401BA1696D00EBD42A /* iOSGithubTests.xctest */,
				7AD8594B1BA1696E00EBD42A /* iOSGithubUITests.xctest */,
			);
			name = Products;
			sourceTree = "<group>";
		};
		7AD8592E1BA1696D00EBD42A /* iOSGithub */ = {
			isa = PBXGroup;
			children = (
				7AD8592F1BA1696D00EBD42A /* AppDelegate.swift */,
				7AD859311BA1696D00EBD42A /* ViewController.swift */,
				7AD859331BA1696D00EBD42A /* Main.storyboard */,
				7AD859361BA1696D00EBD42A /* Assets.xcassets */,
				7AD859381BA1696D00EBD42A /* LaunchScreen.storyboard */,
				7AD8593B1BA1696D00EBD42A /* Info.plist */,
			);
			path = iOSGithub;
			sourceTree = "<group>";
		};
		7AD859431BA1696D00EBD42A /* iOSGithubTests */ = {
			isa = PBXGroup;
			children = (
				7AD859441BA1696D00EBD42A /* iOSGithubTests.swift */,
				7AD859461BA1696D00EBD42A /* Info.plist */,
			);
			path = iOSGithubTests;
			sourceTree = "<group>";
		};
		7AD8594E1BA1696E00EBD42A /* iOSGithubUITests */ = {
			isa = PBXGroup;
			children = (
				7AD8594F1BA1696E00EBD42A /* iOSGithubUITests.swift */,
				7AD859511BA1696E00EBD42A /* Info.plist */,
			);
			path = iOSGithubUITests;
			sourceTree = "<group>";
		};
/* End PBXGroup section */

/* Begin PBXNativeTarget section */
		7AD8592B1BA1696C00EBD42A /* iOSGithub */ = {
			isa = PBXNativeTarget;
			buildConfigurationList = 7AD859541BA1696E00EBD42A /* Build configuration list for PBXNativeTarget "iOSGithub" */;
			buildPhases = (
				7AD859281BA1696C00EBD42A /* Sources */,
				7AD859291BA1696C00EBD42A /* Frameworks */,
				7AD8592A1BA1696C00EBD42A /* Resources */,
			);
			buildRules = (
			);
			dependencies = (
			);
			name = iOSGithub;
			productName = iOSGithub;
			productReference = 7AD8592C1BA1696D00EBD42A /* iOSGithub.app */;
			productType = "com.apple.product-type.application";
		};
		7AD8593F1BA1696D00EBD42A /* iOSGithubTests */ = {
			isa = PBXNativeTarget;
			buildConfigurationList = 7AD859571BA1696E00EBD42A /* Build configuration list for PBXNativeTarget "iOSGithubTests" */;
			buildPhases = (
				7AD8593C1BA1696D00EBD42A /* Sources */,
				7AD8593D1BA1696D00EBD42A /* Frameworks */,
				7AD8593E1BA1696D00EBD42A /* Resources */,
			);
			buildRules = (
			);
			dependencies = (
				7AD859421BA1696D00EBD42A /* PBXTargetDependency */,
			);
			name = iOSGithubTests;
			productName = iOSGithubTests;
			productReference = 7AD859401BA1696D00EBD42A /* iOSGithubTests.xctest */;
			productType = "com.apple.product-type.bundle.unit-test";
		};
		7AD8594A1BA1696E00EBD42A /* iOSGithubUITests */ = {
			isa = PBXNativeTarget;
			buildConfigurationList = 7AD8595A1BA1696E00EBD42A /* Build configuration list for PBXNativeTarget "iOSGithubUITests" */;
			buildPhases = (
				7AD859471BA1696E00EBD42A /* Sources */,
				7AD859481BA1696E00EBD42A /* Frameworks */,
				7AD859491BA1696E00EBD42A /* Resources */,
			);
			buildRules = (
			);
			dependencies = (
				7AD8594D1BA1696E00EBD42A /* PBXTargetDependency */,
			);
			name = iOSGithubUITests;
			productName = iOSGithubUITests;
			productReference = 7AD8594B1BA1696E00EBD42A /* iOSGithubUITests.xctest */;
			productType = "com.apple.product-type.bundle.ui-testing";
		};
/* End PBXNativeTarget section */

/* Begin PBXProject section */
		7AD859241BA1696B00EBD42A /* Project object */ = {
			isa = PBXProject;
			attributes = {
				LastUpgradeCheck = 0700;
				ORGANIZATIONNAME = "Chris Kong";
				TargetAttributes = {
					7AD8592B1BA1696C00EBD42A = {
						CreatedOnToolsVersion = 7.0;
					};
					7AD8593F1BA1696D00EBD42A = {
						CreatedOnToolsVersion = 7.0;
						TestTargetID = 7AD8592B1BA1696C00EBD42A;
					};
					7AD8594A1BA1696E00EBD42A = {
						CreatedOnToolsVersion = 7.0;
						TestTargetID = 7AD8592B1BA1696C00EBD42A;
					};
				};
			};
			buildConfigurationList = 7AD859271BA1696C00EBD42A /* Build configuration list for PBXProject "iOSGithub" */;
			compatibilityVersion = "Xcode 3.2";
			developmentRegion = English;
			hasScannedForEncodings = 0;
			knownRegions = (
				en,
				Base,
			);
			mainGroup = 7AD859231BA1696B00EBD42A;
			productRefGroup = 7AD8592D1BA1696D00EBD42A /* Products */;
			projectDirPath = "";
			projectRoot = "";
			targets = (
				7AD8592B1BA1696C00EBD42A /* iOSGithub */,
				7AD8593F1BA1696D00EBD42A /* iOSGithubTests */,
				7AD8594A1BA1696E00EBD42A /* iOSGithubUITests */,
			);
		};
/* End PBXProject section */

/* Begin PBXResourcesBuildPhase section */
		7AD8592A1BA1696C00EBD42A /* Resources */ = {
			isa = PBXResourcesBuildPhase;
			buildActionMask = 2147483647;
			files = (
				7AD8593A1BA1696D00EBD42A /* LaunchScreen.storyboard in Resources */,
				7AD859371BA1696D00EBD42A /* Assets.xcassets in Resources */,
				7AD859351BA1696D00EBD42A /* Main.storyboard in Resources */,
			);
			runOnlyForDeploymentPostprocessing = 0;
		};
		7AD8593E1BA1696D00EBD42A /* Resources */ = {
			isa = PBXResourcesBuildPhase;
			buildActionMask = 2147483647;
			files = (
			);
			runOnlyForDeploymentPostprocessing = 0;
		};
		7AD859491BA1696E00EBD42A /* Resources */ = {
			isa = PBXResourcesBuildPhase;
			buildActionMask = 2147483647;
			files = (
			);
			runOnlyForDeploymentPostprocessing = 0;
		};
/* End PBXResourcesBuildPhase section */

/* Begin PBXSourcesBuildPhase section */
		7AD859281BA1696C00EBD42A /* Sources */ = {
			isa = PBXSourcesBuildPhase;
			buildActionMask = 2147483647;
			files = (
				7AD859321BA1696D00EBD42A /* ViewController.swift in Sources */,
				7AD859301BA1696D00EBD42A /* AppDelegate.swift in Sources */,
			);
			runOnlyForDeploymentPostprocessing = 0;
		};
		7AD8593C1BA1696D00EBD42A /* Sources */ = {
			isa = PBXSourcesBuildPhase;
			buildActionMask = 2147483647;
			files = (
				7AD859451BA1696D00EBD42A /* iOSGithubTests.swift in Sources */,
			);
			runOnlyForDeploymentPostprocessing = 0;
		};
		7AD859471BA1696E00EBD42A /* Sources */ = {
			isa = PBXSourcesBuildPhase;
			buildActionMask = 2147483647;
			files = (
				7AD859501BA1696E00EBD42A /* iOSGithubUITests.swift in Sources */,
			);
			runOnlyForDeploymentPostprocessing = 0;
		};
/* End PBXSourcesBuildPhase section */

/* Begin PBXTargetDependency section */
		7AD859421BA1696D00EBD42A /* PBXTargetDependency */ = {
			isa = PBXTargetDependency;
			target = 7AD8592B1BA1696C00EBD42A /* iOSGithub */;
			targetProxy = 7AD859411BA1696D00EBD42A /* PBXContainerItemProxy */;
		};
		7AD8594D1BA1696E00EBD42A /* PBXTargetDependency */ = {
			isa = PBXTargetDependency;
			target = 7AD8592B1BA1696C00EBD42A /* iOSGithub */;
			targetProxy = 7AD8594C1BA1696E00EBD42A /* PBXContainerItemProxy */;
		};
/* End PBXTargetDependency section */

/* Begin PBXVariantGroup section */
		7AD859331BA1696D00EBD42A /* Main.storyboard */ = {
			isa = PBXVariantGroup;
			children = (
				7AD859341BA1696D00EBD42A /* Base */,
			);
			name = Main.storyboard;
			sourceTree = "<group>";
		};
		7AD859381BA1696D00EBD42A /* LaunchScreen.storyboard */ = {
			isa = PBXVariantGroup;
			children = (
				7AD859391BA1696D00EBD42A /* Base */,
			);
			name = LaunchScreen.storyboard;
			sourceTree = "<group>";
		};
/* End PBXVariantGroup section */

/* Begin XCBuildConfiguration section */
		7AD859521BA1696E00EBD42A /* Debug */ = {
			isa = XCBuildConfiguration;
			buildSettings = {
				ALWAYS_SEARCH_USER_PATHS = NO;
				CLANG_CXX_LANGUAGE_STANDARD = "gnu++0x";
				CLANG_CXX_LIBRARY = "libc++";
				CLANG_ENABLE_MODULES = YES;
				CLANG_ENABLE_OBJC_ARC = YES;
				CLANG_WARN_BOOL_CONVERSION = YES;
				CLANG_WARN_CONSTANT_CONVERSION = YES;
				CLANG_WARN_DIRECT_OBJC_ISA_USAGE = YES_ERROR;
				CLANG_WARN_EMPTY_BODY = YES;
				CLANG_WARN_ENUM_CONVERSION = YES;
				CLANG_WARN_INT_CONVERSION = YES;
				CLANG_WARN_OBJC_ROOT_CLASS = YES_ERROR;
				CLANG_WARN_UNREACHABLE_CODE = YES;
				CLANG_WARN__DUPLICATE_METHOD_MATCH = YES;
				"CODE_SIGN_IDENTITY[sdk=iphoneos*]" = "iPhone Developer";
				COPY_PHASE_STRIP = NO;
				DEBUG_INFORMATION_FORMAT = dwarf;
				ENABLE_STRICT_OBJC_MSGSEND = YES;
				ENABLE_TESTABILITY = YES;
				GCC_C_LANGUAGE_STANDARD = gnu99;
				GCC_DYNAMIC_NO_PIC = NO;
				GCC_NO_COMMON_BLOCKS = YES;
				GCC_OPTIMIZATION_LEVEL = 0;
				GCC_PREPROCESSOR_DEFINITIONS = (
					"DEBUG=1",
					"$(inherited)",
				);
				GCC_WARN_64_TO_32_BIT_CONVERSION = YES;
				GCC_WARN_ABOUT_RETURN_TYPE = YES_ERROR;
				GCC_WARN_UNDECLARED_SELECTOR = YES;
				GCC_WARN_UNINITIALIZED_AUTOS = YES_AGGRESSIVE;
				GCC_WARN_UNUSED_FUNCTION = YES;
				GCC_WARN_UNUSED_VARIABLE = YES;
				IPHONEOS_DEPLOYMENT_TARGET = 9.0;
				MTL_ENABLE_DEBUG_INFO = YES;
				ONLY_ACTIVE_ARCH = YES;
				SDKROOT = iphoneos;
				SWIFT_OPTIMIZATION_LEVEL = "-Onone";
			};
			name = Debug;
		};
		7AD859531BA1696E00EBD42A /* Release */ = {
			isa = XCBuildConfiguration;
			buildSettings = {
				ALWAYS_SEARCH_USER_PATHS = NO;
				CLANG_CXX_LANGUAGE_STANDARD = "gnu++0x";
				CLANG_CXX_LIBRARY = "libc++";
				CLANG_ENABLE_MODULES = YES;
				CLANG_ENABLE_OBJC_ARC = YES;
				CLANG_WARN_BOOL_CONVERSION = YES;
				CLANG_WARN_CONSTANT_CONVERSION = YES;
				CLANG_WARN_DIRECT_OBJC_ISA_USAGE = YES_ERROR;
				CLANG_WARN_EMPTY_BODY = YES;
				CLANG_WARN_ENUM_CONVERSION = YES;
				CLANG_WARN_INT_CONVERSION = YES;
				CLANG_WARN_OBJC_ROOT_CLASS = YES_ERROR;
				CLANG_WARN_UNREACHABLE_CODE = YES;
				CLANG_WARN__DUPLICATE_METHOD_MATCH = YES;
				"CODE_SIGN_IDENTITY[sdk=iphoneos*]" = "iPhone Developer";
				COPY_PHASE_STRIP = NO;
				DEBUG_INFORMATION_FORMAT = "dwarf-with-dsym";
				ENABLE_NS_ASSERTIONS = NO;
				ENABLE_STRICT_OBJC_MSGSEND = YES;
				GCC_C_LANGUAGE_STANDARD = gnu99;
				GCC_NO_COMMON_BLOCKS = YES;
				GCC_WARN_64_TO_32_BIT_CONVERSION = YES;
				GCC_WARN_ABOUT_RETURN_TYPE = YES_ERROR;
				GCC_WARN_UNDECLARED_SELECTOR = YES;
				GCC_WARN_UNINITIALIZED_AUTOS = YES_AGGRESSIVE;
				GCC_WARN_UNUSED_FUNCTION = YES;
				GCC_WARN_UNUSED_VARIABLE = YES;
				IPHONEOS_DEPLOYMENT_TARGET = 9.0;
				MTL_ENABLE_DEBUG_INFO = NO;
				SDKROOT = iphoneos;
				VALIDATE_PRODUCT = YES;
			};
			name = Release;
		};
		7AD859551BA1696E00EBD42A /* Debug */ = {
			isa = XCBuildConfiguration;
			buildSettings = {
				ASSETCATALOG_COMPILER_APPICON_NAME = AppIcon;
				INFOPLIST_FILE = iOSGithub/Info.plist;
				LD_RUNPATH_SEARCH_PATHS = "$(inherited) @executable_path/Frameworks";
				PRODUCT_BUNDLE_IDENTIFIER = com.chrisjkong.iOSGithub;
				PRODUCT_NAME = "$(TARGET_NAME)";
			};
			name = Debug;
		};
		7AD859561BA1696E00EBD42A /* Release */ = {
			isa = XCBuildConfiguration;
			buildSettings = {
				ASSETCATALOG_COMPILER_APPICON_NAME = AppIcon;
				INFOPLIST_FILE = iOSGithub/Info.plist;
				LD_RUNPATH_SEARCH_PATHS = "$(inherited) @executable_path/Frameworks";
				PRODUCT_BUNDLE_IDENTIFIER = com.chrisjkong.iOSGithub;
				PRODUCT_NAME = "$(TARGET_NAME)";
			};
			name = Release;
		};
		7AD859581BA1696E00EBD42A /* Debug */ = {
			isa = XCBuildConfiguration;
			buildSettings = {
				BUNDLE_LOADER = "$(TEST_HOST)";
				INFOPLIST_FILE = iOSGithubTests/Info.plist;
				LD_RUNPATH_SEARCH_PATHS = "$(inherited) @executable_path/Frameworks @loader_path/Frameworks";
				PRODUCT_BUNDLE_IDENTIFIER = com.chrisjkong.iOSGithubTests;
				PRODUCT_NAME = "$(TARGET_NAME)";
				TEST_HOST = "$(BUILT_PRODUCTS_DIR)/iOSGithub.app/iOSGithub";
			};
			name = Debug;
		};
		7AD859591BA1696E00EBD42A /* Release */ = {
			isa = XCBuildConfiguration;
			buildSettings = {
				BUNDLE_LOADER = "$(TEST_HOST)";
				INFOPLIST_FILE = iOSGithubTests/Info.plist;
				LD_RUNPATH_SEARCH_PATHS = "$(inherited) @executable_path/Frameworks @loader_path/Frameworks";
				PRODUCT_BUNDLE_IDENTIFIER = com.chrisjkong.iOSGithubTests;
				PRODUCT_NAME = "$(TARGET_NAME)";
				TEST_HOST = "$(BUILT_PRODUCTS_DIR)/iOSGithub.app/iOSGithub";
			};
			name = Release;
		};
		7AD8595B1BA1696E00EBD42A /* Debug */ = {
			isa = XCBuildConfiguration;
			buildSettings = {
				INFOPLIST_FILE = iOSGithubUITests/Info.plist;
				LD_RUNPATH_SEARCH_PATHS = "$(inherited) @executable_path/Frameworks @loader_path/Frameworks";
				PRODUCT_BUNDLE_IDENTIFIER = com.chrisjkong.iOSGithubUITests;
				PRODUCT_NAME = "$(TARGET_NAME)";
				TEST_TARGET_NAME = iOSGithub;
				USES_XCTRUNNER = YES;
			};
			name = Debug;
		};
		7AD8595C1BA1696E00EBD42A /* Release */ = {
			isa = XCBuildConfiguration;
			buildSettings = {
				INFOPLIST_FILE = iOSGithubUITests/Info.plist;
				LD_RUNPATH_SEARCH_PATHS = "$(inherited) @executable_path/Frameworks @loader_path/Frameworks";
				PRODUCT_BUNDLE_IDENTIFIER = com.chrisjkong.iOSGithubUITests;
				PRODUCT_NAME = "$(TARGET_NAME)";
				TEST_TARGET_NAME = iOSGithub;
				USES_XCTRUNNER = YES;
			};
			name = Release;
		};
/* End XCBuildConfiguration section */

/* Begin XCConfigurationList section */
		7AD859271BA1696C00EBD42A /* Build configuration list for PBXProject "iOSGithub" */ = {
			isa = XCConfigurationList;
			buildConfigurations = (
				7AD859521BA1696E00EBD42A /* Debug */,
				7AD859531BA1696E00EBD42A /* Release */,
			);
			defaultConfigurationIsVisible = 0;
			defaultConfigurationName = Release;
		};
		7AD859541BA1696E00EBD42A /* Build configuration list for PBXNativeTarget "iOSGithub" */ = {
			isa = XCConfigurationList;
			buildConfigurations = (
				7AD859551BA1696E00EBD42A /* Debug */,
				7AD859561BA1696E00EBD42A /* Release */,
			);
			defaultConfigurationIsVisible = 0;
		};
		7AD859571BA1696E00EBD42A /* Build configuration list for PBXNativeTarget "iOSGithubTests" */ = {
			isa = XCConfigurationList;
			buildConfigurations = (
				7AD859581BA1696E00EBD42A /* Debug */,
				7AD859591BA1696E00EBD42A /* Release */,
			);
			defaultConfigurationIsVisible = 0;
		};
		7AD8595A1BA1696E00EBD42A /* Build configuration list for PBXNativeTarget "iOSGithubUITests" */ = {
			isa = XCConfigurationList;
			buildConfigurations = (
				7AD8595B1BA1696E00EBD42A /* Debug */,
				7AD8595C1BA1696E00EBD42A /* Release */,
			);
			defaultConfigurationIsVisible = 0;
		};
/* End XCConfigurationList section */
	};
	rootObject = 7AD859241BA1696B00EBD42A /* Project object */;
}
